// !$*UTF8*$!
{
	archiveVersion = 1;
	classes = {
	};
	objectVersion = 46;
	objects = {

/* Begin PBXBuildFile section */
		25D3786FFD4A750A2A822174 /* Pods_uPort_demo_iosUITests.framework in Frameworks */ = {isa = PBXBuildFile; fileRef = 614BD40E01DC9EB1BA35F2B4 /* Pods_uPort_demo_iosUITests.framework */; };
		5322B15FDD9432CF93722081 /* Pods_uPort_demo_ios.framework in Frameworks */ = {isa = PBXBuildFile; fileRef = 748175E45E2DCA222C36F224 /* Pods_uPort_demo_ios.framework */; };
		940164CF1F1E444C00381EC0 /* UIStoryboard+CdUport.swift in Sources */ = {isa = PBXBuildFile; fileRef = 940164CE1F1E444C00381EC0 /* UIStoryboard+CdUport.swift */; };
		940164D11F1E514200381EC0 /* AttensionPopup.swift in Sources */ = {isa = PBXBuildFile; fileRef = 940164D01F1E514200381EC0 /* AttensionPopup.swift */; };
		940164D41F1E5E1D00381EC0 /* SpinnerProvider.swift in Sources */ = {isa = PBXBuildFile; fileRef = 940164D31F1E5E1D00381EC0 /* SpinnerProvider.swift */; };
		9425C0B71F13A21C00A3AF02 /* AppDelegate.swift in Sources */ = {isa = PBXBuildFile; fileRef = 9425C0B61F13A21C00A3AF02 /* AppDelegate.swift */; };
		9425C0B91F13A21C00A3AF02 /* ViewController.swift in Sources */ = {isa = PBXBuildFile; fileRef = 9425C0B81F13A21C00A3AF02 /* ViewController.swift */; };
		9425C0BC1F13A21C00A3AF02 /* Main.storyboard in Resources */ = {isa = PBXBuildFile; fileRef = 9425C0BA1F13A21C00A3AF02 /* Main.storyboard */; };
		9425C0BE1F13A21D00A3AF02 /* Assets.xcassets in Resources */ = {isa = PBXBuildFile; fileRef = 9425C0BD1F13A21D00A3AF02 /* Assets.xcassets */; };
		9425C0C11F13A21D00A3AF02 /* LaunchScreen.storyboard in Resources */ = {isa = PBXBuildFile; fileRef = 9425C0BF1F13A21D00A3AF02 /* LaunchScreen.storyboard */; };
		9425C0CC1F13A21D00A3AF02 /* uPort_demo_iosTests.swift in Sources */ = {isa = PBXBuildFile; fileRef = 9425C0CB1F13A21D00A3AF02 /* uPort_demo_iosTests.swift */; };
		9425C0D71F13A21D00A3AF02 /* uPort_demo_iosUITests.swift in Sources */ = {isa = PBXBuildFile; fileRef = 9425C0D61F13A21D00A3AF02 /* uPort_demo_iosUITests.swift */; };
		9444C14F1F1D1B9B007A6F87 /* UserProfileRequest.swift in Sources */ = {isa = PBXBuildFile; fileRef = 9444C14E1F1D1B9B007A6F87 /* UserProfileRequest.swift */; };
		9444C1511F1D1CC9007A6F87 /* UserProfileResponse.swift in Sources */ = {isa = PBXBuildFile; fileRef = 9444C1501F1D1CC9007A6F87 /* UserProfileResponse.swift */; };
		945753331F28AF0A00339221 /* MotionRecognizer.swift in Sources */ = {isa = PBXBuildFile; fileRef = 945753321F28AF0A00339221 /* MotionRecognizer.swift */; };
		945E87A71F1CCB0200929006 /* Server.swift in Sources */ = {isa = PBXBuildFile; fileRef = 945E87A61F1CCB0200929006 /* Server.swift */; };
		945E87A91F1CCB5000929006 /* IRequest.swift in Sources */ = {isa = PBXBuildFile; fileRef = 945E87A81F1CCB5000929006 /* IRequest.swift */; };
		945E87AB1F1CCB6100929006 /* IResponse.swift in Sources */ = {isa = PBXBuildFile; fileRef = 945E87AA1F1CCB6100929006 /* IResponse.swift */; };
		945E87AD1F1CCB8300929006 /* BaseResponse.swift in Sources */ = {isa = PBXBuildFile; fileRef = 945E87AC1F1CCB8300929006 /* BaseResponse.swift */; };
		945E87AF1F1CCD2200929006 /* Reachabiliy.swift in Sources */ = {isa = PBXBuildFile; fileRef = 945E87AE1F1CCD2200929006 /* Reachabiliy.swift */; };
		945E87B11F1CCD8300929006 /* ShowNoInternetConnectionAlertCommand.swift in Sources */ = {isa = PBXBuildFile; fileRef = 945E87B01F1CCD8300929006 /* ShowNoInternetConnectionAlertCommand.swift */; };
		945E87B31F1CD60300929006 /* String+Random.swift in Sources */ = {isa = PBXBuildFile; fileRef = 945E87B21F1CD60300929006 /* String+Random.swift */; };
		945E87B71F1CDAD700929006 /* CDUserDefaults.swift in Sources */ = {isa = PBXBuildFile; fileRef = 945E87B61F1CDAD700929006 /* CDUserDefaults.swift */; };
		945E87B91F1CE8ED00929006 /* CDSchemaManager.swift in Sources */ = {isa = PBXBuildFile; fileRef = 945E87B81F1CE8ED00929006 /* CDSchemaManager.swift */; };
		945E87BC1F1CEF5F00929006 /* UportUriRequest.swift in Sources */ = {isa = PBXBuildFile; fileRef = 945E87BB1F1CEF5F00929006 /* UportUriRequest.swift */; };
		945E87BE1F1CEFC200929006 /* UportUriResponse.swift in Sources */ = {isa = PBXBuildFile; fileRef = 945E87BD1F1CEFC200929006 /* UportUriResponse.swift */; };
		9475B19D1F1DF1DF00497EAE /* UportUriHandler.swift in Sources */ = {isa = PBXBuildFile; fileRef = 9475B19C1F1DF1DF00497EAE /* UportUriHandler.swift */; };
		9475B19F1F1DF46400497EAE /* IParsable.swift in Sources */ = {isa = PBXBuildFile; fileRef = 9475B19E1F1DF46400497EAE /* IParsable.swift */; };
		9475B1A11F1DF47F00497EAE /* UportInfo.swift in Sources */ = {isa = PBXBuildFile; fileRef = 9475B1A01F1DF47F00497EAE /* UportInfo.swift */; };
		9475B1A31F1DFBAC00497EAE /* UserInfo.swift in Sources */ = {isa = PBXBuildFile; fileRef = 9475B1A21F1DFBAC00497EAE /* UserInfo.swift */; };
		9475B1A51F1DFD3E00497EAE /* UIImageView+Download.swift in Sources */ = {isa = PBXBuildFile; fileRef = 9475B1A41F1DFD3E00497EAE /* UIImageView+Download.swift */; };
		9475B1A71F1E02D300497EAE /* UserProfileHandler.swift in Sources */ = {isa = PBXBuildFile; fileRef = 9475B1A61F1E02D300497EAE /* UserProfileHandler.swift */; };
		9475B1A91F1E287A00497EAE /* SettingsViewController.swift in Sources */ = {isa = PBXBuildFile; fileRef = 9475B1A81F1E287A00497EAE /* SettingsViewController.swift */; };
		9475B1AB1F1E29B600497EAE /* ProfileViewController.swift in Sources */ = {isa = PBXBuildFile; fileRef = 9475B1AA1F1E29B600497EAE /* ProfileViewController.swift */; };
		9475B1AD1F1E311E00497EAE /* UIImageView+RoundCorners.swift in Sources */ = {isa = PBXBuildFile; fileRef = 9475B1AC1F1E311E00497EAE /* UIImageView+RoundCorners.swift */; };
		948120031F1785B6000410DB /* CDMotionManager.swift in Sources */ = {isa = PBXBuildFile; fileRef = 948120021F1785B6000410DB /* CDMotionManager.swift */; };
		948120061F178CE8000410DB /* ConnectionsDescriptor.swift in Sources */ = {isa = PBXBuildFile; fileRef = 948120051F178CE8000410DB /* ConnectionsDescriptor.swift */; };
		948120081F17A0AD000410DB /* Date+Convert.swift in Sources */ = {isa = PBXBuildFile; fileRef = 948120071F17A0AD000410DB /* Date+Convert.swift */; };
		948DDC301F272F3900CF2AA3 /* HandDanceRequest.swift in Sources */ = {isa = PBXBuildFile; fileRef = 948DDC2F1F272F3900CF2AA3 /* HandDanceRequest.swift */; };
		949A0A631F20964B002D24F9 /* BumpRequest.swift in Sources */ = {isa = PBXBuildFile; fileRef = 949A0A621F20964B002D24F9 /* BumpRequest.swift */; };
		949A0A671F20AA9E002D24F9 /* DataExchangeHandler.swift in Sources */ = {isa = PBXBuildFile; fileRef = 949A0A661F20AA9E002D24F9 /* DataExchangeHandler.swift */; };
		949A0A691F20C915002D24F9 /* UserInfoPopup.swift in Sources */ = {isa = PBXBuildFile; fileRef = 949A0A681F20C915002D24F9 /* UserInfoPopup.swift */; };
		94B366F51F1652A000E59892 /* Localizable.strings in Resources */ = {isa = PBXBuildFile; fileRef = 94B366F41F1652A000E59892 /* Localizable.strings */; };
		94B366F71F1652F200E59892 /* Texts.swift in Sources */ = {isa = PBXBuildFile; fileRef = 94B366F61F1652F200E59892 /* Texts.swift */; };
		94B366FA1F16541600E59892 /* String+Localized.swift in Sources */ = {isa = PBXBuildFile; fileRef = 94B366F91F16541600E59892 /* String+Localized.swift */; };
		94B366FC1F16545F00E59892 /* MainViewController.swift in Sources */ = {isa = PBXBuildFile; fileRef = 94B366FB1F16545F00E59892 /* MainViewController.swift */; };
		94B366FE1F16546D00E59892 /* MPCManager.swift in Sources */ = {isa = PBXBuildFile; fileRef = 94B366FD1F16546D00E59892 /* MPCManager.swift */; };
		94B367011F165C4C00E59892 /* ConnectionsTypePickerConfigurator.swift in Sources */ = {isa = PBXBuildFile; fileRef = 94B367001F165C4C00E59892 /* ConnectionsTypePickerConfigurator.swift */; };
		94B367041F16618000E59892 /* ICommand.swift in Sources */ = {isa = PBXBuildFile; fileRef = 94B367031F16618000E59892 /* ICommand.swift */; };
		94B367061F1661B600E59892 /* ShowBaseAlertCommand.swift in Sources */ = {isa = PBXBuildFile; fileRef = 94B367051F1661B600E59892 /* ShowBaseAlertCommand.swift */; };
		94D5C8B11F2784020062254A /* SwiftUnistroke.swift in Sources */ = {isa = PBXBuildFile; fileRef = 94D5C8B01F2784020062254A /* SwiftUnistroke.swift */; };
		94D5C8B61F278B540062254A /* shape_triangle.json in Resources */ = {isa = PBXBuildFile; fileRef = 94D5C8B51F278B540062254A /* shape_triangle.json */; };
		98609B03A5353C32EF113895 /* Pods_uPort_demo_iosTests.framework in Frameworks */ = {isa = PBXBuildFile; fileRef = C2F59F3C50BFFFE30F00060E /* Pods_uPort_demo_iosTests.framework */; };
/* End PBXBuildFile section */

/* Begin PBXContainerItemProxy section */
		9425C0C81F13A21D00A3AF02 /* PBXContainerItemProxy */ = {
			isa = PBXContainerItemProxy;
			containerPortal = 9425C0AB1F13A21C00A3AF02 /* Project object */;
			proxyType = 1;
			remoteGlobalIDString = 9425C0B21F13A21C00A3AF02;
			remoteInfo = "uPort-demo-ios";
		};
		9425C0D31F13A21D00A3AF02 /* PBXContainerItemProxy */ = {
			isa = PBXContainerItemProxy;
			containerPortal = 9425C0AB1F13A21C00A3AF02 /* Project object */;
			proxyType = 1;
			remoteGlobalIDString = 9425C0B21F13A21C00A3AF02;
			remoteInfo = "uPort-demo-ios";
		};
/* End PBXContainerItemProxy section */

/* Begin PBXFileReference section */
		2696740064962B324862F294 /* Pods-uPort-demo-ios.release.xcconfig */ = {isa = PBXFileReference; includeInIndex = 1; lastKnownFileType = text.xcconfig; name = "Pods-uPort-demo-ios.release.xcconfig"; path = "Pods/Target Support Files/Pods-uPort-demo-ios/Pods-uPort-demo-ios.release.xcconfig"; sourceTree = "<group>"; };
		4872FAEBEC7BE1D407D728D8 /* Pods-uPort-demo-iosTests.release.xcconfig */ = {isa = PBXFileReference; includeInIndex = 1; lastKnownFileType = text.xcconfig; name = "Pods-uPort-demo-iosTests.release.xcconfig"; path = "Pods/Target Support Files/Pods-uPort-demo-iosTests/Pods-uPort-demo-iosTests.release.xcconfig"; sourceTree = "<group>"; };
		614BD40E01DC9EB1BA35F2B4 /* Pods_uPort_demo_iosUITests.framework */ = {isa = PBXFileReference; explicitFileType = wrapper.framework; includeInIndex = 0; path = Pods_uPort_demo_iosUITests.framework; sourceTree = BUILT_PRODUCTS_DIR; };
		63AC9FF16B0EEE171FA72B16 /* Pods-uPort-demo-iosUITests.debug.xcconfig */ = {isa = PBXFileReference; includeInIndex = 1; lastKnownFileType = text.xcconfig; name = "Pods-uPort-demo-iosUITests.debug.xcconfig"; path = "Pods/Target Support Files/Pods-uPort-demo-iosUITests/Pods-uPort-demo-iosUITests.debug.xcconfig"; sourceTree = "<group>"; };
		748175E45E2DCA222C36F224 /* Pods_uPort_demo_ios.framework */ = {isa = PBXFileReference; explicitFileType = wrapper.framework; includeInIndex = 0; path = Pods_uPort_demo_ios.framework; sourceTree = BUILT_PRODUCTS_DIR; };
		940164CE1F1E444C00381EC0 /* UIStoryboard+CdUport.swift */ = {isa = PBXFileReference; fileEncoding = 4; lastKnownFileType = sourcecode.swift; path = "UIStoryboard+CdUport.swift"; sourceTree = "<group>"; };
		940164D01F1E514200381EC0 /* AttensionPopup.swift */ = {isa = PBXFileReference; fileEncoding = 4; lastKnownFileType = sourcecode.swift; path = AttensionPopup.swift; sourceTree = "<group>"; };
		940164D31F1E5E1D00381EC0 /* SpinnerProvider.swift */ = {isa = PBXFileReference; fileEncoding = 4; lastKnownFileType = sourcecode.swift; path = SpinnerProvider.swift; sourceTree = "<group>"; };
		9425C0B31F13A21C00A3AF02 /* uPort-demo-ios.app */ = {isa = PBXFileReference; explicitFileType = wrapper.application; includeInIndex = 0; path = "uPort-demo-ios.app"; sourceTree = BUILT_PRODUCTS_DIR; };
		9425C0B61F13A21C00A3AF02 /* AppDelegate.swift */ = {isa = PBXFileReference; lastKnownFileType = sourcecode.swift; path = AppDelegate.swift; sourceTree = "<group>"; };
		9425C0B81F13A21C00A3AF02 /* ViewController.swift */ = {isa = PBXFileReference; lastKnownFileType = sourcecode.swift; path = ViewController.swift; sourceTree = "<group>"; };
		9425C0BB1F13A21C00A3AF02 /* Base */ = {isa = PBXFileReference; lastKnownFileType = file.storyboard; name = Base; path = Base.lproj/Main.storyboard; sourceTree = "<group>"; };
		9425C0BD1F13A21D00A3AF02 /* Assets.xcassets */ = {isa = PBXFileReference; lastKnownFileType = folder.assetcatalog; path = Assets.xcassets; sourceTree = "<group>"; };
		9425C0C01F13A21D00A3AF02 /* Base */ = {isa = PBXFileReference; lastKnownFileType = file.storyboard; name = Base; path = Base.lproj/LaunchScreen.storyboard; sourceTree = "<group>"; };
		9425C0C21F13A21D00A3AF02 /* Info.plist */ = {isa = PBXFileReference; lastKnownFileType = text.plist.xml; path = Info.plist; sourceTree = "<group>"; };
		9425C0C71F13A21D00A3AF02 /* uPort-demo-iosTests.xctest */ = {isa = PBXFileReference; explicitFileType = wrapper.cfbundle; includeInIndex = 0; path = "uPort-demo-iosTests.xctest"; sourceTree = BUILT_PRODUCTS_DIR; };
		9425C0CB1F13A21D00A3AF02 /* uPort_demo_iosTests.swift */ = {isa = PBXFileReference; lastKnownFileType = sourcecode.swift; path = uPort_demo_iosTests.swift; sourceTree = "<group>"; };
		9425C0CD1F13A21D00A3AF02 /* Info.plist */ = {isa = PBXFileReference; lastKnownFileType = text.plist.xml; path = Info.plist; sourceTree = "<group>"; };
		9425C0D21F13A21D00A3AF02 /* uPort-demo-iosUITests.xctest */ = {isa = PBXFileReference; explicitFileType = wrapper.cfbundle; includeInIndex = 0; path = "uPort-demo-iosUITests.xctest"; sourceTree = BUILT_PRODUCTS_DIR; };
		9425C0D61F13A21D00A3AF02 /* uPort_demo_iosUITests.swift */ = {isa = PBXFileReference; lastKnownFileType = sourcecode.swift; path = uPort_demo_iosUITests.swift; sourceTree = "<group>"; };
		9425C0D81F13A21D00A3AF02 /* Info.plist */ = {isa = PBXFileReference; lastKnownFileType = text.plist.xml; path = Info.plist; sourceTree = "<group>"; };
		9444C14E1F1D1B9B007A6F87 /* UserProfileRequest.swift */ = {isa = PBXFileReference; fileEncoding = 4; lastKnownFileType = sourcecode.swift; path = UserProfileRequest.swift; sourceTree = "<group>"; };
		9444C1501F1D1CC9007A6F87 /* UserProfileResponse.swift */ = {isa = PBXFileReference; fileEncoding = 4; lastKnownFileType = sourcecode.swift; path = UserProfileResponse.swift; sourceTree = "<group>"; };
		945753321F28AF0A00339221 /* MotionRecognizer.swift */ = {isa = PBXFileReference; fileEncoding = 4; lastKnownFileType = sourcecode.swift; path = MotionRecognizer.swift; sourceTree = "<group>"; };
		945E87A61F1CCB0200929006 /* Server.swift */ = {isa = PBXFileReference; fileEncoding = 4; lastKnownFileType = sourcecode.swift; path = Server.swift; sourceTree = "<group>"; };
		945E87A81F1CCB5000929006 /* IRequest.swift */ = {isa = PBXFileReference; fileEncoding = 4; lastKnownFileType = sourcecode.swift; path = IRequest.swift; sourceTree = "<group>"; };
		945E87AA1F1CCB6100929006 /* IResponse.swift */ = {isa = PBXFileReference; fileEncoding = 4; lastKnownFileType = sourcecode.swift; path = IResponse.swift; sourceTree = "<group>"; };
		945E87AC1F1CCB8300929006 /* BaseResponse.swift */ = {isa = PBXFileReference; fileEncoding = 4; lastKnownFileType = sourcecode.swift; path = BaseResponse.swift; sourceTree = "<group>"; };
		945E87AE1F1CCD2200929006 /* Reachabiliy.swift */ = {isa = PBXFileReference; fileEncoding = 4; lastKnownFileType = sourcecode.swift; path = Reachabiliy.swift; sourceTree = "<group>"; };
		945E87B01F1CCD8300929006 /* ShowNoInternetConnectionAlertCommand.swift */ = {isa = PBXFileReference; fileEncoding = 4; lastKnownFileType = sourcecode.swift; path = ShowNoInternetConnectionAlertCommand.swift; sourceTree = "<group>"; };
		945E87B21F1CD60300929006 /* String+Random.swift */ = {isa = PBXFileReference; fileEncoding = 4; lastKnownFileType = sourcecode.swift; path = "String+Random.swift"; sourceTree = "<group>"; };
		945E87B61F1CDAD700929006 /* CDUserDefaults.swift */ = {isa = PBXFileReference; fileEncoding = 4; lastKnownFileType = sourcecode.swift; path = CDUserDefaults.swift; sourceTree = "<group>"; };
		945E87B81F1CE8ED00929006 /* CDSchemaManager.swift */ = {isa = PBXFileReference; fileEncoding = 4; lastKnownFileType = sourcecode.swift; path = CDSchemaManager.swift; sourceTree = "<group>"; };
		945E87BB1F1CEF5F00929006 /* UportUriRequest.swift */ = {isa = PBXFileReference; fileEncoding = 4; lastKnownFileType = sourcecode.swift; path = UportUriRequest.swift; sourceTree = "<group>"; };
		945E87BD1F1CEFC200929006 /* UportUriResponse.swift */ = {isa = PBXFileReference; fileEncoding = 4; lastKnownFileType = sourcecode.swift; path = UportUriResponse.swift; sourceTree = "<group>"; };
		9475B19C1F1DF1DF00497EAE /* UportUriHandler.swift */ = {isa = PBXFileReference; fileEncoding = 4; lastKnownFileType = sourcecode.swift; path = UportUriHandler.swift; sourceTree = "<group>"; };
		9475B19E1F1DF46400497EAE /* IParsable.swift */ = {isa = PBXFileReference; fileEncoding = 4; lastKnownFileType = sourcecode.swift; path = IParsable.swift; sourceTree = "<group>"; };
		9475B1A01F1DF47F00497EAE /* UportInfo.swift */ = {isa = PBXFileReference; fileEncoding = 4; lastKnownFileType = sourcecode.swift; path = UportInfo.swift; sourceTree = "<group>"; };
		9475B1A21F1DFBAC00497EAE /* UserInfo.swift */ = {isa = PBXFileReference; fileEncoding = 4; lastKnownFileType = sourcecode.swift; path = UserInfo.swift; sourceTree = "<group>"; };
		9475B1A41F1DFD3E00497EAE /* UIImageView+Download.swift */ = {isa = PBXFileReference; fileEncoding = 4; lastKnownFileType = sourcecode.swift; path = "UIImageView+Download.swift"; sourceTree = "<group>"; };
		9475B1A61F1E02D300497EAE /* UserProfileHandler.swift */ = {isa = PBXFileReference; fileEncoding = 4; lastKnownFileType = sourcecode.swift; path = UserProfileHandler.swift; sourceTree = "<group>"; };
		9475B1A81F1E287A00497EAE /* SettingsViewController.swift */ = {isa = PBXFileReference; fileEncoding = 4; lastKnownFileType = sourcecode.swift; path = SettingsViewController.swift; sourceTree = "<group>"; };
		9475B1AA1F1E29B600497EAE /* ProfileViewController.swift */ = {isa = PBXFileReference; fileEncoding = 4; lastKnownFileType = sourcecode.swift; path = ProfileViewController.swift; sourceTree = "<group>"; };
		9475B1AC1F1E311E00497EAE /* UIImageView+RoundCorners.swift */ = {isa = PBXFileReference; fileEncoding = 4; lastKnownFileType = sourcecode.swift; path = "UIImageView+RoundCorners.swift"; sourceTree = "<group>"; };
		948120021F1785B6000410DB /* CDMotionManager.swift */ = {isa = PBXFileReference; fileEncoding = 4; lastKnownFileType = sourcecode.swift; path = CDMotionManager.swift; sourceTree = "<group>"; };
		948120051F178CE8000410DB /* ConnectionsDescriptor.swift */ = {isa = PBXFileReference; fileEncoding = 4; lastKnownFileType = sourcecode.swift; path = ConnectionsDescriptor.swift; sourceTree = "<group>"; };
		948120071F17A0AD000410DB /* Date+Convert.swift */ = {isa = PBXFileReference; fileEncoding = 4; lastKnownFileType = sourcecode.swift; path = "Date+Convert.swift"; sourceTree = "<group>"; };
		948DDC2F1F272F3900CF2AA3 /* HandDanceRequest.swift */ = {isa = PBXFileReference; fileEncoding = 4; lastKnownFileType = sourcecode.swift; path = HandDanceRequest.swift; sourceTree = "<group>"; };
		949A0A621F20964B002D24F9 /* BumpRequest.swift */ = {isa = PBXFileReference; fileEncoding = 4; lastKnownFileType = sourcecode.swift; path = BumpRequest.swift; sourceTree = "<group>"; };
		949A0A661F20AA9E002D24F9 /* DataExchangeHandler.swift */ = {isa = PBXFileReference; fileEncoding = 4; lastKnownFileType = sourcecode.swift; path = DataExchangeHandler.swift; sourceTree = "<group>"; };
		949A0A681F20C915002D24F9 /* UserInfoPopup.swift */ = {isa = PBXFileReference; fileEncoding = 4; lastKnownFileType = sourcecode.swift; path = UserInfoPopup.swift; sourceTree = "<group>"; };
		94B366F41F1652A000E59892 /* Localizable.strings */ = {isa = PBXFileReference; fileEncoding = 4; lastKnownFileType = text.plist.strings; path = Localizable.strings; sourceTree = "<group>"; };
		94B366F61F1652F200E59892 /* Texts.swift */ = {isa = PBXFileReference; fileEncoding = 4; lastKnownFileType = sourcecode.swift; path = Texts.swift; sourceTree = "<group>"; };
		94B366F91F16541600E59892 /* String+Localized.swift */ = {isa = PBXFileReference; fileEncoding = 4; lastKnownFileType = sourcecode.swift; path = "String+Localized.swift"; sourceTree = "<group>"; };
		94B366FB1F16545F00E59892 /* MainViewController.swift */ = {isa = PBXFileReference; fileEncoding = 4; lastKnownFileType = sourcecode.swift; path = MainViewController.swift; sourceTree = "<group>"; };
		94B366FD1F16546D00E59892 /* MPCManager.swift */ = {isa = PBXFileReference; fileEncoding = 4; lastKnownFileType = sourcecode.swift; path = MPCManager.swift; sourceTree = "<group>"; };
		94B367001F165C4C00E59892 /* ConnectionsTypePickerConfigurator.swift */ = {isa = PBXFileReference; fileEncoding = 4; lastKnownFileType = sourcecode.swift; path = ConnectionsTypePickerConfigurator.swift; sourceTree = "<group>"; };
		94B367031F16618000E59892 /* ICommand.swift */ = {isa = PBXFileReference; fileEncoding = 4; lastKnownFileType = sourcecode.swift; path = ICommand.swift; sourceTree = "<group>"; };
		94B367051F1661B600E59892 /* ShowBaseAlertCommand.swift */ = {isa = PBXFileReference; fileEncoding = 4; lastKnownFileType = sourcecode.swift; path = ShowBaseAlertCommand.swift; sourceTree = "<group>"; };
		94D5C8B01F2784020062254A /* SwiftUnistroke.swift */ = {isa = PBXFileReference; fileEncoding = 4; lastKnownFileType = sourcecode.swift; path = SwiftUnistroke.swift; sourceTree = "<group>"; };
		94D5C8B51F278B540062254A /* shape_triangle.json */ = {isa = PBXFileReference; fileEncoding = 4; lastKnownFileType = text.json; path = shape_triangle.json; sourceTree = "<group>"; };
		B1565708BF84B8B1DFFA1576 /* Pods-uPort-demo-ios.debug.xcconfig */ = {isa = PBXFileReference; includeInIndex = 1; lastKnownFileType = text.xcconfig; name = "Pods-uPort-demo-ios.debug.xcconfig"; path = "Pods/Target Support Files/Pods-uPort-demo-ios/Pods-uPort-demo-ios.debug.xcconfig"; sourceTree = "<group>"; };
		C299D2622ECC4E36FD98DBB4 /* Pods-uPort-demo-iosTests.debug.xcconfig */ = {isa = PBXFileReference; includeInIndex = 1; lastKnownFileType = text.xcconfig; name = "Pods-uPort-demo-iosTests.debug.xcconfig"; path = "Pods/Target Support Files/Pods-uPort-demo-iosTests/Pods-uPort-demo-iosTests.debug.xcconfig"; sourceTree = "<group>"; };
		C2F59F3C50BFFFE30F00060E /* Pods_uPort_demo_iosTests.framework */ = {isa = PBXFileReference; explicitFileType = wrapper.framework; includeInIndex = 0; path = Pods_uPort_demo_iosTests.framework; sourceTree = BUILT_PRODUCTS_DIR; };
		E8D04846BB12C4DF8E9D51BA /* Pods-uPort-demo-iosUITests.release.xcconfig */ = {isa = PBXFileReference; includeInIndex = 1; lastKnownFileType = text.xcconfig; name = "Pods-uPort-demo-iosUITests.release.xcconfig"; path = "Pods/Target Support Files/Pods-uPort-demo-iosUITests/Pods-uPort-demo-iosUITests.release.xcconfig"; sourceTree = "<group>"; };
/* End PBXFileReference section */

/* Begin PBXFrameworksBuildPhase section */
		9425C0B01F13A21C00A3AF02 /* Frameworks */ = {
			isa = PBXFrameworksBuildPhase;
			buildActionMask = 2147483647;
			files = (
				5322B15FDD9432CF93722081 /* Pods_uPort_demo_ios.framework in Frameworks */,
			);
			runOnlyForDeploymentPostprocessing = 0;
		};
		9425C0C41F13A21D00A3AF02 /* Frameworks */ = {
			isa = PBXFrameworksBuildPhase;
			buildActionMask = 2147483647;
			files = (
				98609B03A5353C32EF113895 /* Pods_uPort_demo_iosTests.framework in Frameworks */,
			);
			runOnlyForDeploymentPostprocessing = 0;
		};
		9425C0CF1F13A21D00A3AF02 /* Frameworks */ = {
			isa = PBXFrameworksBuildPhase;
			buildActionMask = 2147483647;
			files = (
				25D3786FFD4A750A2A822174 /* Pods_uPort_demo_iosUITests.framework in Frameworks */,
			);
			runOnlyForDeploymentPostprocessing = 0;
		};
/* End PBXFrameworksBuildPhase section */

/* Begin PBXGroup section */
		940164D21F1E5E0B00381EC0 /* Views */ = {
			isa = PBXGroup;
			children = (
				940164D31F1E5E1D00381EC0 /* SpinnerProvider.swift */,
			);
			path = Views;
			sourceTree = "<group>";
		};
		9425C0AA1F13A21C00A3AF02 = {
			isa = PBXGroup;
			children = (
				9425C0B51F13A21C00A3AF02 /* uPort-demo-ios */,
				9425C0CA1F13A21D00A3AF02 /* uPort-demo-iosTests */,
				9425C0D51F13A21D00A3AF02 /* uPort-demo-iosUITests */,
				9425C0B41F13A21C00A3AF02 /* Products */,
				CECC901DC19F33C179AFB86E /* Pods */,
				DEA650397B1B98B955BC922F /* Frameworks */,
			);
			sourceTree = "<group>";
		};
		9425C0B41F13A21C00A3AF02 /* Products */ = {
			isa = PBXGroup;
			children = (
				9425C0B31F13A21C00A3AF02 /* uPort-demo-ios.app */,
				9425C0C71F13A21D00A3AF02 /* uPort-demo-iosTests.xctest */,
				9425C0D21F13A21D00A3AF02 /* uPort-demo-iosUITests.xctest */,
			);
			name = Products;
			sourceTree = "<group>";
		};
		9425C0B51F13A21C00A3AF02 /* uPort-demo-ios */ = {
			isa = PBXGroup;
			children = (
				94D5C8B41F278B540062254A /* Templates */,
				948DDC331F275B3A00CF2AA3 /* GestureRecognizer */,
				940164D21F1E5E0B00381EC0 /* Views */,
				9444C1521F1D1CFB007A6F87 /* Model */,
				945E87A51F1CCAB600929006 /* DAL */,
				948120041F178CB1000410DB /* Helpers */,
				94B367021F16616D00E59892 /* Commands */,
				94B366F81F1653EB00E59892 /* Extensions */,
				94B366F01F163D0A00E59892 /* Utils */,
				94B366F11F163D0A00E59892 /* ViewControlles */,
				9425C0B61F13A21C00A3AF02 /* AppDelegate.swift */,
				9425C0B81F13A21C00A3AF02 /* ViewController.swift */,
				9425C0BA1F13A21C00A3AF02 /* Main.storyboard */,
				9425C0BD1F13A21D00A3AF02 /* Assets.xcassets */,
				9425C0BF1F13A21D00A3AF02 /* LaunchScreen.storyboard */,
				9425C0C21F13A21D00A3AF02 /* Info.plist */,
				94B366F41F1652A000E59892 /* Localizable.strings */,
			);
			path = "uPort-demo-ios";
			sourceTree = "<group>";
		};
		9425C0CA1F13A21D00A3AF02 /* uPort-demo-iosTests */ = {
			isa = PBXGroup;
			children = (
				9425C0CB1F13A21D00A3AF02 /* uPort_demo_iosTests.swift */,
				9425C0CD1F13A21D00A3AF02 /* Info.plist */,
			);
			path = "uPort-demo-iosTests";
			sourceTree = "<group>";
		};
		9425C0D51F13A21D00A3AF02 /* uPort-demo-iosUITests */ = {
			isa = PBXGroup;
			children = (
				9425C0D61F13A21D00A3AF02 /* uPort_demo_iosUITests.swift */,
				9425C0D81F13A21D00A3AF02 /* Info.plist */,
			);
			path = "uPort-demo-iosUITests";
			sourceTree = "<group>";
		};
		9444C14D1F1D1B67007A6F87 /* Profile */ = {
			isa = PBXGroup;
			children = (
				9444C14E1F1D1B9B007A6F87 /* UserProfileRequest.swift */,
				9444C1501F1D1CC9007A6F87 /* UserProfileResponse.swift */,
			);
			path = Profile;
			sourceTree = "<group>";
		};
		9444C1521F1D1CFB007A6F87 /* Model */ = {
			isa = PBXGroup;
			children = (
				9475B19E1F1DF46400497EAE /* IParsable.swift */,
				9475B1A01F1DF47F00497EAE /* UportInfo.swift */,
				9475B1A21F1DFBAC00497EAE /* UserInfo.swift */,
			);
			path = Model;
			sourceTree = "<group>";
		};
		945E87A51F1CCAB600929006 /* DAL */ = {
			isa = PBXGroup;
			children = (
				949A0A601F209633002D24F9 /* ProfileExchange */,
				9444C14D1F1D1B67007A6F87 /* Profile */,
				945E87BA1F1CEF1900929006 /* UportUri */,
				945E87A61F1CCB0200929006 /* Server.swift */,
				945E87A81F1CCB5000929006 /* IRequest.swift */,
				945E87AA1F1CCB6100929006 /* IResponse.swift */,
				945E87AC1F1CCB8300929006 /* BaseResponse.swift */,
				945E87AE1F1CCD2200929006 /* Reachabiliy.swift */,
			);
			path = DAL;
			sourceTree = "<group>";
		};
		945E87BA1F1CEF1900929006 /* UportUri */ = {
			isa = PBXGroup;
			children = (
				945E87BB1F1CEF5F00929006 /* UportUriRequest.swift */,
				945E87BD1F1CEFC200929006 /* UportUriResponse.swift */,
			);
			path = UportUri;
			sourceTree = "<group>";
		};
		9475B19B1F1DF16B00497EAE /* Network */ = {
			isa = PBXGroup;
			children = (
				9475B19C1F1DF1DF00497EAE /* UportUriHandler.swift */,
				9475B1A61F1E02D300497EAE /* UserProfileHandler.swift */,
				949A0A661F20AA9E002D24F9 /* DataExchangeHandler.swift */,
			);
			path = Network;
			sourceTree = "<group>";
		};
		948120041F178CB1000410DB /* Helpers */ = {
			isa = PBXGroup;
			children = (
				948120051F178CE8000410DB /* ConnectionsDescriptor.swift */,
			);
			path = Helpers;
			sourceTree = "<group>";
		};
		948DDC2E1F272E7100CF2AA3 /* HandDance */ = {
			isa = PBXGroup;
			children = (
				948DDC2F1F272F3900CF2AA3 /* HandDanceRequest.swift */,
			);
			path = HandDance;
			sourceTree = "<group>";
		};
		948DDC331F275B3A00CF2AA3 /* GestureRecognizer */ = {
			isa = PBXGroup;
			children = (
				94D5C8B01F2784020062254A /* SwiftUnistroke.swift */,
				945753321F28AF0A00339221 /* MotionRecognizer.swift */,
			);
			path = GestureRecognizer;
			sourceTree = "<group>";
		};
		949A0A601F209633002D24F9 /* ProfileExchange */ = {
			isa = PBXGroup;
			children = (
				948DDC2E1F272E7100CF2AA3 /* HandDance */,
				949A0A611F209633002D24F9 /* Bump */,
			);
			path = ProfileExchange;
			sourceTree = "<group>";
		};
		949A0A611F209633002D24F9 /* Bump */ = {
			isa = PBXGroup;
			children = (
				949A0A621F20964B002D24F9 /* BumpRequest.swift */,
			);
			path = Bump;
			sourceTree = "<group>";
		};
		94B366F01F163D0A00E59892 /* Utils */ = {
			isa = PBXGroup;
			children = (
				94B366FD1F16546D00E59892 /* MPCManager.swift */,
				94B366F61F1652F200E59892 /* Texts.swift */,
				948120021F1785B6000410DB /* CDMotionManager.swift */,
				945E87B61F1CDAD700929006 /* CDUserDefaults.swift */,
				945E87B81F1CE8ED00929006 /* CDSchemaManager.swift */,
			);
			path = Utils;
			sourceTree = "<group>";
		};
		94B366F11F163D0A00E59892 /* ViewControlles */ = {
			isa = PBXGroup;
			children = (
				9475B19B1F1DF16B00497EAE /* Network */,
				94B366FF1F165C4C00E59892 /* DataSource */,
				94B366FB1F16545F00E59892 /* MainViewController.swift */,
				9475B1A81F1E287A00497EAE /* SettingsViewController.swift */,
				9475B1AA1F1E29B600497EAE /* ProfileViewController.swift */,
				940164D01F1E514200381EC0 /* AttensionPopup.swift */,
				949A0A681F20C915002D24F9 /* UserInfoPopup.swift */,
			);
			path = ViewControlles;
			sourceTree = "<group>";
		};
		94B366F81F1653EB00E59892 /* Extensions */ = {
			isa = PBXGroup;
			children = (
				94B366F91F16541600E59892 /* String+Localized.swift */,
				948120071F17A0AD000410DB /* Date+Convert.swift */,
				945E87B21F1CD60300929006 /* String+Random.swift */,
				9475B1A41F1DFD3E00497EAE /* UIImageView+Download.swift */,
				9475B1AC1F1E311E00497EAE /* UIImageView+RoundCorners.swift */,
				940164CE1F1E444C00381EC0 /* UIStoryboard+CdUport.swift */,
			);
			path = Extensions;
			sourceTree = "<group>";
		};
		94B366FF1F165C4C00E59892 /* DataSource */ = {
			isa = PBXGroup;
			children = (
				94B367001F165C4C00E59892 /* ConnectionsTypePickerConfigurator.swift */,
			);
			path = DataSource;
			sourceTree = "<group>";
		};
		94B367021F16616D00E59892 /* Commands */ = {
			isa = PBXGroup;
			children = (
				94B367031F16618000E59892 /* ICommand.swift */,
				94B367051F1661B600E59892 /* ShowBaseAlertCommand.swift */,
				945E87B01F1CCD8300929006 /* ShowNoInternetConnectionAlertCommand.swift */,
			);
			path = Commands;
			sourceTree = "<group>";
		};
		94D5C8B41F278B540062254A /* Templates */ = {
			isa = PBXGroup;
			children = (
				94D5C8B51F278B540062254A /* shape_triangle.json */,
			);
			path = Templates;
			sourceTree = "<group>";
		};
		CECC901DC19F33C179AFB86E /* Pods */ = {
			isa = PBXGroup;
			children = (
				B1565708BF84B8B1DFFA1576 /* Pods-uPort-demo-ios.debug.xcconfig */,
				2696740064962B324862F294 /* Pods-uPort-demo-ios.release.xcconfig */,
				C299D2622ECC4E36FD98DBB4 /* Pods-uPort-demo-iosTests.debug.xcconfig */,
				4872FAEBEC7BE1D407D728D8 /* Pods-uPort-demo-iosTests.release.xcconfig */,
				63AC9FF16B0EEE171FA72B16 /* Pods-uPort-demo-iosUITests.debug.xcconfig */,
				E8D04846BB12C4DF8E9D51BA /* Pods-uPort-demo-iosUITests.release.xcconfig */,
			);
			name = Pods;
			sourceTree = "<group>";
		};
		DEA650397B1B98B955BC922F /* Frameworks */ = {
			isa = PBXGroup;
			children = (
				748175E45E2DCA222C36F224 /* Pods_uPort_demo_ios.framework */,
				C2F59F3C50BFFFE30F00060E /* Pods_uPort_demo_iosTests.framework */,
				614BD40E01DC9EB1BA35F2B4 /* Pods_uPort_demo_iosUITests.framework */,
			);
			name = Frameworks;
			sourceTree = "<group>";
		};
/* End PBXGroup section */

/* Begin PBXNativeTarget section */
		9425C0B21F13A21C00A3AF02 /* uPort-demo-ios */ = {
			isa = PBXNativeTarget;
			buildConfigurationList = 9425C0DB1F13A21D00A3AF02 /* Build configuration list for PBXNativeTarget "uPort-demo-ios" */;
			buildPhases = (
				8D9D9A6C8CF500CBACCB0C01 /* [CP] Check Pods Manifest.lock */,
				9425C0AF1F13A21C00A3AF02 /* Sources */,
				9425C0B01F13A21C00A3AF02 /* Frameworks */,
				9425C0B11F13A21C00A3AF02 /* Resources */,
				F0017D7B31522A2C670CBD63 /* [CP] Embed Pods Frameworks */,
				2E6C8BFC8FF7B846B30DE304 /* [CP] Copy Pods Resources */,
			);
			buildRules = (
			);
			dependencies = (
			);
			name = "uPort-demo-ios";
			productName = "uPort-demo-ios";
			productReference = 9425C0B31F13A21C00A3AF02 /* uPort-demo-ios.app */;
			productType = "com.apple.product-type.application";
		};
		9425C0C61F13A21D00A3AF02 /* uPort-demo-iosTests */ = {
			isa = PBXNativeTarget;
			buildConfigurationList = 9425C0DE1F13A21D00A3AF02 /* Build configuration list for PBXNativeTarget "uPort-demo-iosTests" */;
			buildPhases = (
				10576704301B7D57441371BC /* [CP] Check Pods Manifest.lock */,
				9425C0C31F13A21D00A3AF02 /* Sources */,
				9425C0C41F13A21D00A3AF02 /* Frameworks */,
				9425C0C51F13A21D00A3AF02 /* Resources */,
				420CD9CC57A79D2BF1801F2B /* [CP] Embed Pods Frameworks */,
				193CA37DC3C0D0E9F280A8A4 /* [CP] Copy Pods Resources */,
			);
			buildRules = (
			);
			dependencies = (
				9425C0C91F13A21D00A3AF02 /* PBXTargetDependency */,
			);
			name = "uPort-demo-iosTests";
			productName = "uPort-demo-iosTests";
			productReference = 9425C0C71F13A21D00A3AF02 /* uPort-demo-iosTests.xctest */;
			productType = "com.apple.product-type.bundle.unit-test";
		};
		9425C0D11F13A21D00A3AF02 /* uPort-demo-iosUITests */ = {
			isa = PBXNativeTarget;
			buildConfigurationList = 9425C0E11F13A21D00A3AF02 /* Build configuration list for PBXNativeTarget "uPort-demo-iosUITests" */;
			buildPhases = (
				91B8A9D0350A15423C34AF65 /* [CP] Check Pods Manifest.lock */,
				9425C0CE1F13A21D00A3AF02 /* Sources */,
				9425C0CF1F13A21D00A3AF02 /* Frameworks */,
				9425C0D01F13A21D00A3AF02 /* Resources */,
				BD7AD933653AD3715B9D5E2A /* [CP] Embed Pods Frameworks */,
				CF9D0CDB5B831505D22C34A6 /* [CP] Copy Pods Resources */,
			);
			buildRules = (
			);
			dependencies = (
				9425C0D41F13A21D00A3AF02 /* PBXTargetDependency */,
			);
			name = "uPort-demo-iosUITests";
			productName = "uPort-demo-iosUITests";
			productReference = 9425C0D21F13A21D00A3AF02 /* uPort-demo-iosUITests.xctest */;
			productType = "com.apple.product-type.bundle.ui-testing";
		};
/* End PBXNativeTarget section */

/* Begin PBXProject section */
		9425C0AB1F13A21C00A3AF02 /* Project object */ = {
			isa = PBXProject;
			attributes = {
				LastSwiftUpdateCheck = 0830;
				LastUpgradeCheck = 0830;
				ORGANIZATIONNAME = 1;
				TargetAttributes = {
					9425C0B21F13A21C00A3AF02 = {
						CreatedOnToolsVersion = 8.3.2;
						DevelopmentTeam = 58N9WBZRZS;
						ProvisioningStyle = Automatic;
					};
					9425C0C61F13A21D00A3AF02 = {
						CreatedOnToolsVersion = 8.3.2;
						ProvisioningStyle = Automatic;
						TestTargetID = 9425C0B21F13A21C00A3AF02;
					};
					9425C0D11F13A21D00A3AF02 = {
						CreatedOnToolsVersion = 8.3.2;
						ProvisioningStyle = Automatic;
						TestTargetID = 9425C0B21F13A21C00A3AF02;
					};
				};
			};
			buildConfigurationList = 9425C0AE1F13A21C00A3AF02 /* Build configuration list for PBXProject "uPort-demo-ios" */;
			compatibilityVersion = "Xcode 3.2";
			developmentRegion = English;
			hasScannedForEncodings = 0;
			knownRegions = (
				en,
				Base,
			);
			mainGroup = 9425C0AA1F13A21C00A3AF02;
			productRefGroup = 9425C0B41F13A21C00A3AF02 /* Products */;
			projectDirPath = "";
			projectRoot = "";
			targets = (
				9425C0B21F13A21C00A3AF02 /* uPort-demo-ios */,
				9425C0C61F13A21D00A3AF02 /* uPort-demo-iosTests */,
				9425C0D11F13A21D00A3AF02 /* uPort-demo-iosUITests */,
			);
		};
/* End PBXProject section */

/* Begin PBXResourcesBuildPhase section */
		9425C0B11F13A21C00A3AF02 /* Resources */ = {
			isa = PBXResourcesBuildPhase;
			buildActionMask = 2147483647;
			files = (
				94D5C8B61F278B540062254A /* shape_triangle.json in Resources */,
				9425C0C11F13A21D00A3AF02 /* LaunchScreen.storyboard in Resources */,
				94B366F51F1652A000E59892 /* Localizable.strings in Resources */,
				9425C0BE1F13A21D00A3AF02 /* Assets.xcassets in Resources */,
				9425C0BC1F13A21C00A3AF02 /* Main.storyboard in Resources */,
			);
			runOnlyForDeploymentPostprocessing = 0;
		};
		9425C0C51F13A21D00A3AF02 /* Resources */ = {
			isa = PBXResourcesBuildPhase;
			buildActionMask = 2147483647;
			files = (
			);
			runOnlyForDeploymentPostprocessing = 0;
		};
		9425C0D01F13A21D00A3AF02 /* Resources */ = {
			isa = PBXResourcesBuildPhase;
			buildActionMask = 2147483647;
			files = (
			);
			runOnlyForDeploymentPostprocessing = 0;
		};
/* End PBXResourcesBuildPhase section */

/* Begin PBXShellScriptBuildPhase section */
		10576704301B7D57441371BC /* [CP] Check Pods Manifest.lock */ = {
			isa = PBXShellScriptBuildPhase;
			buildActionMask = 2147483647;
			files = (
			);
			inputPaths = (
			);
			name = "[CP] Check Pods Manifest.lock";
			outputPaths = (
			);
			runOnlyForDeploymentPostprocessing = 0;
			shellPath = /bin/sh;
			shellScript = "diff \"${PODS_PODFILE_DIR_PATH}/Podfile.lock\" \"${PODS_ROOT}/Manifest.lock\" > /dev/null\nif [ $? != 0 ] ; then\n    # print error to STDERR\n    echo \"error: The sandbox is not in sync with the Podfile.lock. Run 'pod install' or update your CocoaPods installation.\" >&2\n    exit 1\nfi\n";
			showEnvVarsInLog = 0;
		};
		193CA37DC3C0D0E9F280A8A4 /* [CP] Copy Pods Resources */ = {
			isa = PBXShellScriptBuildPhase;
			buildActionMask = 2147483647;
			files = (
			);
			inputPaths = (
			);
			name = "[CP] Copy Pods Resources";
			outputPaths = (
			);
			runOnlyForDeploymentPostprocessing = 0;
			shellPath = /bin/sh;
			shellScript = "\"${SRCROOT}/Pods/Target Support Files/Pods-uPort-demo-iosTests/Pods-uPort-demo-iosTests-resources.sh\"\n";
			showEnvVarsInLog = 0;
		};
		2E6C8BFC8FF7B846B30DE304 /* [CP] Copy Pods Resources */ = {
			isa = PBXShellScriptBuildPhase;
			buildActionMask = 2147483647;
			files = (
			);
			inputPaths = (
			);
			name = "[CP] Copy Pods Resources";
			outputPaths = (
			);
			runOnlyForDeploymentPostprocessing = 0;
			shellPath = /bin/sh;
			shellScript = "\"${SRCROOT}/Pods/Target Support Files/Pods-uPort-demo-ios/Pods-uPort-demo-ios-resources.sh\"\n";
			showEnvVarsInLog = 0;
		};
		420CD9CC57A79D2BF1801F2B /* [CP] Embed Pods Frameworks */ = {
			isa = PBXShellScriptBuildPhase;
			buildActionMask = 2147483647;
			files = (
			);
			inputPaths = (
			);
			name = "[CP] Embed Pods Frameworks";
			outputPaths = (
			);
			runOnlyForDeploymentPostprocessing = 0;
			shellPath = /bin/sh;
			shellScript = "\"${SRCROOT}/Pods/Target Support Files/Pods-uPort-demo-iosTests/Pods-uPort-demo-iosTests-frameworks.sh\"\n";
			showEnvVarsInLog = 0;
		};
		8D9D9A6C8CF500CBACCB0C01 /* [CP] Check Pods Manifest.lock */ = {
			isa = PBXShellScriptBuildPhase;
			buildActionMask = 2147483647;
			files = (
			);
			inputPaths = (
			);
			name = "[CP] Check Pods Manifest.lock";
			outputPaths = (
			);
			runOnlyForDeploymentPostprocessing = 0;
			shellPath = /bin/sh;
			shellScript = "diff \"${PODS_PODFILE_DIR_PATH}/Podfile.lock\" \"${PODS_ROOT}/Manifest.lock\" > /dev/null\nif [ $? != 0 ] ; then\n    # print error to STDERR\n    echo \"error: The sandbox is not in sync with the Podfile.lock. Run 'pod install' or update your CocoaPods installation.\" >&2\n    exit 1\nfi\n";
			showEnvVarsInLog = 0;
		};
		91B8A9D0350A15423C34AF65 /* [CP] Check Pods Manifest.lock */ = {
			isa = PBXShellScriptBuildPhase;
			buildActionMask = 2147483647;
			files = (
			);
			inputPaths = (
			);
			name = "[CP] Check Pods Manifest.lock";
			outputPaths = (
			);
			runOnlyForDeploymentPostprocessing = 0;
			shellPath = /bin/sh;
			shellScript = "diff \"${PODS_PODFILE_DIR_PATH}/Podfile.lock\" \"${PODS_ROOT}/Manifest.lock\" > /dev/null\nif [ $? != 0 ] ; then\n    # print error to STDERR\n    echo \"error: The sandbox is not in sync with the Podfile.lock. Run 'pod install' or update your CocoaPods installation.\" >&2\n    exit 1\nfi\n";
			showEnvVarsInLog = 0;
		};
		BD7AD933653AD3715B9D5E2A /* [CP] Embed Pods Frameworks */ = {
			isa = PBXShellScriptBuildPhase;
			buildActionMask = 2147483647;
			files = (
			);
			inputPaths = (
			);
			name = "[CP] Embed Pods Frameworks";
			outputPaths = (
			);
			runOnlyForDeploymentPostprocessing = 0;
			shellPath = /bin/sh;
			shellScript = "\"${SRCROOT}/Pods/Target Support Files/Pods-uPort-demo-iosUITests/Pods-uPort-demo-iosUITests-frameworks.sh\"\n";
			showEnvVarsInLog = 0;
		};
		CF9D0CDB5B831505D22C34A6 /* [CP] Copy Pods Resources */ = {
			isa = PBXShellScriptBuildPhase;
			buildActionMask = 2147483647;
			files = (
			);
			inputPaths = (
			);
			name = "[CP] Copy Pods Resources";
			outputPaths = (
			);
			runOnlyForDeploymentPostprocessing = 0;
			shellPath = /bin/sh;
			shellScript = "\"${SRCROOT}/Pods/Target Support Files/Pods-uPort-demo-iosUITests/Pods-uPort-demo-iosUITests-resources.sh\"\n";
			showEnvVarsInLog = 0;
		};
		F0017D7B31522A2C670CBD63 /* [CP] Embed Pods Frameworks */ = {
			isa = PBXShellScriptBuildPhase;
			buildActionMask = 2147483647;
			files = (
			);
			inputPaths = (
			);
			name = "[CP] Embed Pods Frameworks";
			outputPaths = (
			);
			runOnlyForDeploymentPostprocessing = 0;
			shellPath = /bin/sh;
			shellScript = "\"${SRCROOT}/Pods/Target Support Files/Pods-uPort-demo-ios/Pods-uPort-demo-ios-frameworks.sh\"\n";
			showEnvVarsInLog = 0;
		};
/* End PBXShellScriptBuildPhase section */

/* Begin PBXSourcesBuildPhase section */
		9425C0AF1F13A21C00A3AF02 /* Sources */ = {
			isa = PBXSourcesBuildPhase;
			buildActionMask = 2147483647;
			files = (
				94B366FC1F16545F00E59892 /* MainViewController.swift in Sources */,
				9475B1A71F1E02D300497EAE /* UserProfileHandler.swift in Sources */,
				9475B1A91F1E287A00497EAE /* SettingsViewController.swift in Sources */,
				945E87A91F1CCB5000929006 /* IRequest.swift in Sources */,
				940164CF1F1E444C00381EC0 /* UIStoryboard+CdUport.swift in Sources */,
				94B367041F16618000E59892 /* ICommand.swift in Sources */,
				9444C14F1F1D1B9B007A6F87 /* UserProfileRequest.swift in Sources */,
				949A0A671F20AA9E002D24F9 /* DataExchangeHandler.swift in Sources */,
				948120031F1785B6000410DB /* CDMotionManager.swift in Sources */,
				945E87B31F1CD60300929006 /* String+Random.swift in Sources */,
				9475B1A51F1DFD3E00497EAE /* UIImageView+Download.swift in Sources */,
				94B366F71F1652F200E59892 /* Texts.swift in Sources */,
				9425C0B91F13A21C00A3AF02 /* ViewController.swift in Sources */,
				945E87BC1F1CEF5F00929006 /* UportUriRequest.swift in Sources */,
				94B367011F165C4C00E59892 /* ConnectionsTypePickerConfigurator.swift in Sources */,
				945E87AD1F1CCB8300929006 /* BaseResponse.swift in Sources */,
				9425C0B71F13A21C00A3AF02 /* AppDelegate.swift in Sources */,
				945E87B71F1CDAD700929006 /* CDUserDefaults.swift in Sources */,
				94B366FE1F16546D00E59892 /* MPCManager.swift in Sources */,
				94B366FA1F16541600E59892 /* String+Localized.swift in Sources */,
				945753331F28AF0A00339221 /* MotionRecognizer.swift in Sources */,
				94B367061F1661B600E59892 /* ShowBaseAlertCommand.swift in Sources */,
				949A0A691F20C915002D24F9 /* UserInfoPopup.swift in Sources */,
				948120061F178CE8000410DB /* ConnectionsDescriptor.swift in Sources */,
				945E87AF1F1CCD2200929006 /* Reachabiliy.swift in Sources */,
				940164D41F1E5E1D00381EC0 /* SpinnerProvider.swift in Sources */,
				945E87AB1F1CCB6100929006 /* IResponse.swift in Sources */,
				9444C1511F1D1CC9007A6F87 /* UserProfileResponse.swift in Sources */,
				9475B1AD1F1E311E00497EAE /* UIImageView+RoundCorners.swift in Sources */,
				9475B19D1F1DF1DF00497EAE /* UportUriHandler.swift in Sources */,
				9475B1AB1F1E29B600497EAE /* ProfileViewController.swift in Sources */,
				945E87BE1F1CEFC200929006 /* UportUriResponse.swift in Sources */,
				945E87B11F1CCD8300929006 /* ShowNoInternetConnectionAlertCommand.swift in Sources */,
				945E87A71F1CCB0200929006 /* Server.swift in Sources */,
				9475B1A11F1DF47F00497EAE /* UportInfo.swift in Sources */,
				9475B19F1F1DF46400497EAE /* IParsable.swift in Sources */,
				940164D11F1E514200381EC0 /* AttensionPopup.swift in Sources */,
				948120081F17A0AD000410DB /* Date+Convert.swift in Sources */,
				948DDC301F272F3900CF2AA3 /* HandDanceRequest.swift in Sources */,
				949A0A631F20964B002D24F9 /* BumpRequest.swift in Sources */,
				9475B1A31F1DFBAC00497EAE /* UserInfo.swift in Sources */,
				94D5C8B11F2784020062254A /* SwiftUnistroke.swift in Sources */,
				945E87B91F1CE8ED00929006 /* CDSchemaManager.swift in Sources */,
			);
			runOnlyForDeploymentPostprocessing = 0;
		};
		9425C0C31F13A21D00A3AF02 /* Sources */ = {
			isa = PBXSourcesBuildPhase;
			buildActionMask = 2147483647;
			files = (
				9425C0CC1F13A21D00A3AF02 /* uPort_demo_iosTests.swift in Sources */,
			);
			runOnlyForDeploymentPostprocessing = 0;
		};
		9425C0CE1F13A21D00A3AF02 /* Sources */ = {
			isa = PBXSourcesBuildPhase;
			buildActionMask = 2147483647;
			files = (
				9425C0D71F13A21D00A3AF02 /* uPort_demo_iosUITests.swift in Sources */,
			);
			runOnlyForDeploymentPostprocessing = 0;
		};
/* End PBXSourcesBuildPhase section */

/* Begin PBXTargetDependency section */
		9425C0C91F13A21D00A3AF02 /* PBXTargetDependency */ = {
			isa = PBXTargetDependency;
			target = 9425C0B21F13A21C00A3AF02 /* uPort-demo-ios */;
			targetProxy = 9425C0C81F13A21D00A3AF02 /* PBXContainerItemProxy */;
		};
		9425C0D41F13A21D00A3AF02 /* PBXTargetDependency */ = {
			isa = PBXTargetDependency;
			target = 9425C0B21F13A21C00A3AF02 /* uPort-demo-ios */;
			targetProxy = 9425C0D31F13A21D00A3AF02 /* PBXContainerItemProxy */;
		};
/* End PBXTargetDependency section */

/* Begin PBXVariantGroup section */
		9425C0BA1F13A21C00A3AF02 /* Main.storyboard */ = {
			isa = PBXVariantGroup;
			children = (
				9425C0BB1F13A21C00A3AF02 /* Base */,
			);
			name = Main.storyboard;
			sourceTree = "<group>";
		};
		9425C0BF1F13A21D00A3AF02 /* LaunchScreen.storyboard */ = {
			isa = PBXVariantGroup;
			children = (
				9425C0C01F13A21D00A3AF02 /* Base */,
			);
			name = LaunchScreen.storyboard;
			sourceTree = "<group>";
		};
/* End PBXVariantGroup section */

/* Begin XCBuildConfiguration section */
		9425C0D91F13A21D00A3AF02 /* Debug */ = {
			isa = XCBuildConfiguration;
			buildSettings = {
				ALWAYS_SEARCH_USER_PATHS = NO;
				CLANG_ANALYZER_NONNULL = YES;
				CLANG_ANALYZER_NUMBER_OBJECT_CONVERSION = YES_AGGRESSIVE;
				CLANG_CXX_LANGUAGE_STANDARD = "gnu++0x";
				CLANG_CXX_LIBRARY = "libc++";
				CLANG_ENABLE_MODULES = YES;
				CLANG_ENABLE_OBJC_ARC = YES;
				CLANG_WARN_BOOL_CONVERSION = YES;
				CLANG_WARN_CONSTANT_CONVERSION = YES;
				CLANG_WARN_DIRECT_OBJC_ISA_USAGE = YES_ERROR;
				CLANG_WARN_DOCUMENTATION_COMMENTS = YES;
				CLANG_WARN_EMPTY_BODY = YES;
				CLANG_WARN_ENUM_CONVERSION = YES;
				CLANG_WARN_INFINITE_RECURSION = YES;
				CLANG_WARN_INT_CONVERSION = YES;
				CLANG_WARN_OBJC_ROOT_CLASS = YES_ERROR;
				CLANG_WARN_SUSPICIOUS_MOVE = YES;
				CLANG_WARN_UNREACHABLE_CODE = YES;
				CLANG_WARN__DUPLICATE_METHOD_MATCH = YES;
				"CODE_SIGN_IDENTITY[sdk=iphoneos*]" = "iPhone Developer";
				COPY_PHASE_STRIP = NO;
				DEBUG_INFORMATION_FORMAT = dwarf;
				ENABLE_STRICT_OBJC_MSGSEND = YES;
				ENABLE_TESTABILITY = YES;
				GCC_C_LANGUAGE_STANDARD = gnu99;
				GCC_DYNAMIC_NO_PIC = NO;
				GCC_NO_COMMON_BLOCKS = YES;
				GCC_OPTIMIZATION_LEVEL = 0;
				GCC_PREPROCESSOR_DEFINITIONS = (
					"DEBUG=1",
					"$(inherited)",
				);
				GCC_WARN_64_TO_32_BIT_CONVERSION = YES;
				GCC_WARN_ABOUT_RETURN_TYPE = YES_ERROR;
				GCC_WARN_UNDECLARED_SELECTOR = YES;
				GCC_WARN_UNINITIALIZED_AUTOS = YES_AGGRESSIVE;
				GCC_WARN_UNUSED_FUNCTION = YES;
				GCC_WARN_UNUSED_VARIABLE = YES;
				IPHONEOS_DEPLOYMENT_TARGET = 10.3;
				MTL_ENABLE_DEBUG_INFO = YES;
				ONLY_ACTIVE_ARCH = YES;
				SDKROOT = iphoneos;
				SWIFT_ACTIVE_COMPILATION_CONDITIONS = DEBUG;
				SWIFT_OPTIMIZATION_LEVEL = "-Onone";
				TARGETED_DEVICE_FAMILY = "1,2";
			};
			name = Debug;
		};
		9425C0DA1F13A21D00A3AF02 /* Release */ = {
			isa = XCBuildConfiguration;
			buildSettings = {
				ALWAYS_SEARCH_USER_PATHS = NO;
				CLANG_ANALYZER_NONNULL = YES;
				CLANG_ANALYZER_NUMBER_OBJECT_CONVERSION = YES_AGGRESSIVE;
				CLANG_CXX_LANGUAGE_STANDARD = "gnu++0x";
				CLANG_CXX_LIBRARY = "libc++";
				CLANG_ENABLE_MODULES = YES;
				CLANG_ENABLE_OBJC_ARC = YES;
				CLANG_WARN_BOOL_CONVERSION = YES;
				CLANG_WARN_CONSTANT_CONVERSION = YES;
				CLANG_WARN_DIRECT_OBJC_ISA_USAGE = YES_ERROR;
				CLANG_WARN_DOCUMENTATION_COMMENTS = YES;
				CLANG_WARN_EMPTY_BODY = YES;
				CLANG_WARN_ENUM_CONVERSION = YES;
				CLANG_WARN_INFINITE_RECURSION = YES;
				CLANG_WARN_INT_CONVERSION = YES;
				CLANG_WARN_OBJC_ROOT_CLASS = YES_ERROR;
				CLANG_WARN_SUSPICIOUS_MOVE = YES;
				CLANG_WARN_UNREACHABLE_CODE = YES;
				CLANG_WARN__DUPLICATE_METHOD_MATCH = YES;
				"CODE_SIGN_IDENTITY[sdk=iphoneos*]" = "iPhone Developer";
				COPY_PHASE_STRIP = NO;
				DEBUG_INFORMATION_FORMAT = "dwarf-with-dsym";
				ENABLE_NS_ASSERTIONS = NO;
				ENABLE_STRICT_OBJC_MSGSEND = YES;
				GCC_C_LANGUAGE_STANDARD = gnu99;
				GCC_NO_COMMON_BLOCKS = YES;
				GCC_WARN_64_TO_32_BIT_CONVERSION = YES;
				GCC_WARN_ABOUT_RETURN_TYPE = YES_ERROR;
				GCC_WARN_UNDECLARED_SELECTOR = YES;
				GCC_WARN_UNINITIALIZED_AUTOS = YES_AGGRESSIVE;
				GCC_WARN_UNUSED_FUNCTION = YES;
				GCC_WARN_UNUSED_VARIABLE = YES;
				IPHONEOS_DEPLOYMENT_TARGET = 10.3;
				MTL_ENABLE_DEBUG_INFO = NO;
				SDKROOT = iphoneos;
				SWIFT_OPTIMIZATION_LEVEL = "-Owholemodule";
				TARGETED_DEVICE_FAMILY = "1,2";
				VALIDATE_PRODUCT = YES;
			};
			name = Release;
		};
		9425C0DC1F13A21D00A3AF02 /* Debug */ = {
			isa = XCBuildConfiguration;
			baseConfigurationReference = B1565708BF84B8B1DFFA1576 /* Pods-uPort-demo-ios.debug.xcconfig */;
			buildSettings = {
				ASSETCATALOG_COMPILER_APPICON_NAME = AppIcon;
				DEVELOPMENT_TEAM = 58N9WBZRZS;
				INFOPLIST_FILE = "uPort-demo-ios/Info.plist";
				IPHONEOS_DEPLOYMENT_TARGET = 9.3;
				LD_RUNPATH_SEARCH_PATHS = "$(inherited) @executable_path/Frameworks";
				PRODUCT_BUNDLE_IDENTIFIER = me.uport.demo.cd;
				PRODUCT_NAME = "$(TARGET_NAME)";
				SWIFT_VERSION = 3.0;
				TARGETED_DEVICE_FAMILY = 1;
			};
			name = Debug;
		};
		9425C0DD1F13A21D00A3AF02 /* Release */ = {
			isa = XCBuildConfiguration;
			baseConfigurationReference = 2696740064962B324862F294 /* Pods-uPort-demo-ios.release.xcconfig */;
			buildSettings = {
				ASSETCATALOG_COMPILER_APPICON_NAME = AppIcon;
				DEVELOPMENT_TEAM = 58N9WBZRZS;
				INFOPLIST_FILE = "uPort-demo-ios/Info.plist";
				IPHONEOS_DEPLOYMENT_TARGET = 9.3;
				LD_RUNPATH_SEARCH_PATHS = "$(inherited) @executable_path/Frameworks";
				PRODUCT_BUNDLE_IDENTIFIER = me.uport.demo.cd;
				PRODUCT_NAME = "$(TARGET_NAME)";
				SWIFT_VERSION = 3.0;
				TARGETED_DEVICE_FAMILY = 1;
			};
			name = Release;
		};
		9425C0DF1F13A21D00A3AF02 /* Debug */ = {
			isa = XCBuildConfiguration;
			baseConfigurationReference = C299D2622ECC4E36FD98DBB4 /* Pods-uPort-demo-iosTests.debug.xcconfig */;
			buildSettings = {
				ALWAYS_EMBED_SWIFT_STANDARD_LIBRARIES = YES;
				BUNDLE_LOADER = "$(TEST_HOST)";
				INFOPLIST_FILE = "uPort-demo-iosTests/Info.plist";
				LD_RUNPATH_SEARCH_PATHS = "$(inherited) @executable_path/Frameworks @loader_path/Frameworks";
				PRODUCT_BUNDLE_IDENTIFIER = "-.uPort-demo-iosTests";
				PRODUCT_NAME = "$(TARGET_NAME)";
				SWIFT_VERSION = 3.0;
				TEST_HOST = "$(BUILT_PRODUCTS_DIR)/uPort-demo-ios.app/uPort-demo-ios";
			};
			name = Debug;
		};
		9425C0E01F13A21D00A3AF02 /* Release */ = {
			isa = XCBuildConfiguration;
			baseConfigurationReference = 4872FAEBEC7BE1D407D728D8 /* Pods-uPort-demo-iosTests.release.xcconfig */;
			buildSettings = {
				ALWAYS_EMBED_SWIFT_STANDARD_LIBRARIES = YES;
				BUNDLE_LOADER = "$(TEST_HOST)";
				INFOPLIST_FILE = "uPort-demo-iosTests/Info.plist";
				LD_RUNPATH_SEARCH_PATHS = "$(inherited) @executable_path/Frameworks @loader_path/Frameworks";
				PRODUCT_BUNDLE_IDENTIFIER = "-.uPort-demo-iosTests";
				PRODUCT_NAME = "$(TARGET_NAME)";
				SWIFT_VERSION = 3.0;
				TEST_HOST = "$(BUILT_PRODUCTS_DIR)/uPort-demo-ios.app/uPort-demo-ios";
			};
			name = Release;
		};
		9425C0E21F13A21D00A3AF02 /* Debug */ = {
			isa = XCBuildConfiguration;
			baseConfigurationReference = 63AC9FF16B0EEE171FA72B16 /* Pods-uPort-demo-iosUITests.debug.xcconfig */;
			buildSettings = {
				ALWAYS_EMBED_SWIFT_STANDARD_LIBRARIES = YES;
				INFOPLIST_FILE = "uPort-demo-iosUITests/Info.plist";
				LD_RUNPATH_SEARCH_PATHS = "$(inherited) @executable_path/Frameworks @loader_path/Frameworks";
				PRODUCT_BUNDLE_IDENTIFIER = "-.uPort-demo-iosUITests";
				PRODUCT_NAME = "$(TARGET_NAME)";
				SWIFT_VERSION = 3.0;
				TEST_TARGET_NAME = "uPort-demo-ios";
			};
			name = Debug;
		};
		9425C0E31F13A21D00A3AF02 /* Release */ = {
			isa = XCBuildConfiguration;
			baseConfigurationReference = E8D04846BB12C4DF8E9D51BA /* Pods-uPort-demo-iosUITests.release.xcconfig */;
			buildSettings = {
				ALWAYS_EMBED_SWIFT_STANDARD_LIBRARIES = YES;
				INFOPLIST_FILE = "uPort-demo-iosUITests/Info.plist";
				LD_RUNPATH_SEARCH_PATHS = "$(inherited) @executable_path/Frameworks @loader_path/Frameworks";
				PRODUCT_BUNDLE_IDENTIFIER = "-.uPort-demo-iosUITests";
				PRODUCT_NAME = "$(TARGET_NAME)";
				SWIFT_VERSION = 3.0;
				TEST_TARGET_NAME = "uPort-demo-ios";
			};
			name = Release;
		};
/* End XCBuildConfiguration section */

/* Begin XCConfigurationList section */
		9425C0AE1F13A21C00A3AF02 /* Build configuration list for PBXProject "uPort-demo-ios" */ = {
			isa = XCConfigurationList;
			buildConfigurations = (
				9425C0D91F13A21D00A3AF02 /* Debug */,
				9425C0DA1F13A21D00A3AF02 /* Release */,
			);
			defaultConfigurationIsVisible = 0;
			defaultConfigurationName = Release;
		};
		9425C0DB1F13A21D00A3AF02 /* Build configuration list for PBXNativeTarget "uPort-demo-ios" */ = {
			isa = XCConfigurationList;
			buildConfigurations = (
				9425C0DC1F13A21D00A3AF02 /* Debug */,
				9425C0DD1F13A21D00A3AF02 /* Release */,
			);
			defaultConfigurationIsVisible = 0;
			defaultConfigurationName = Release;
		};
		9425C0DE1F13A21D00A3AF02 /* Build configuration list for PBXNativeTarget "uPort-demo-iosTests" */ = {
			isa = XCConfigurationList;
			buildConfigurations = (
				9425C0DF1F13A21D00A3AF02 /* Debug */,
				9425C0E01F13A21D00A3AF02 /* Release */,
			);
			defaultConfigurationIsVisible = 0;
			defaultConfigurationName = Release;
		};
		9425C0E11F13A21D00A3AF02 /* Build configuration list for PBXNativeTarget "uPort-demo-iosUITests" */ = {
			isa = XCConfigurationList;
			buildConfigurations = (
				9425C0E21F13A21D00A3AF02 /* Debug */,
				9425C0E31F13A21D00A3AF02 /* Release */,
			);
			defaultConfigurationIsVisible = 0;
			defaultConfigurationName = Release;
		};
/* End XCConfigurationList section */
	};
	rootObject = 9425C0AB1F13A21C00A3AF02 /* Project object */;
}
